{
  "requires": true,
  "lockfileVersion": 1,
  "dependencies": {
    "vanilla-tilt": {
      "version": "1.6.1",
      "resolved": "https://registry.npmjs.org/vanilla-tilt/-/vanilla-tilt-1.6.1.tgz",
      "integrity": "sha512-vxyYcQOtiwCtUPHGQ4J2iAGkk8NigAXI1EkVX+LqppijQYXyqsUqpw2QOEQCAOmEUXhWFZb6kXJS/LJ3N7/8PQ=="
    }
  }
}
